webtyp.com/await v0.1.2 h1:0rZLLCvu+y/8CJU0YH2ZGi/OLygZwZTBJIrGi0+Z0Fg=
webtyp.com/await v0.1.2/go.mod h1:SiF0Y5G9XEnN5u6SISxLU4GW/8y9ENR1K3fQF1uHMCQ=
webtyp.com/dom v0.13.15 h1:xL64SQRjr756RKZZY0NoGlQvG/ym62DjAAMUpJrOk+U=
webtyp.com/dom v0.13.15/go.mod h1:p7Vl/6A0VR3GU+NHR4Ggn0oTnRRBPUZ9+RziR5tDB4Q=
webtyp.com/fmt v1.0.0 h1:W0vMMGC6ezg1q2LarAEaVnNvZ26hVqzZdQQH1wcNogM=
webtyp.com/fmt v1.0.0/go.mod h1:FmTxx713R45J21kbH5JOmKGaaCap3fJPA9Yl2n4Ch7U=
webtyp.com/jsvalue v0.1.4 h1:5tWksWqG8b+2Eb3eFRc+SDQeJyhRGa9JeL1lsVKiMWY=
webtyp.com/jsvalue v0.1.4/go.mod h1:EJoDZDzmk8LV58cTvufoUYQ6E7H9xMG+LRn0q69GFtQ=
webtyp.com/model v0.1.9 h1:XpkNiIQbIVaFrbh4E/UqdIutHFNA92//KSP4M/owaSQ=
webtyp.com/model v0.1.9/go.mod h1:OkyYeE3GOG8eAQGhd9wVsORAhr+xYj3q8avpoGXG25c=
