webtyp.com/await v0.1.2 h1:0rZLLCvu+y/8CJU0YH2ZGi/OLygZwZTBJIrGi0+Z0Fg=
webtyp.com/await v0.1.2/go.mod h1:SiF0Y5G9XEnN5u6SISxLU4GW/8y9ENR1K3fQF1uHMCQ=
webtyp.com/dom v0.13.21 h1:hhX1+VTT/thdr/9FW17dpZVex1pzCYb6LpVUWu6q9iM=
webtyp.com/dom v0.13.21/go.mod h1:Tk4nVAl5F/yGNU6FaprSk1bCVKWLzWlPSf+XnpgHfpk=
webtyp.com/escape v0.1.0 h1:LvAiviOM15TUiJBUK4CO7TLp3oAQ+GoKunaVTVKsklA=
webtyp.com/escape v0.1.0/go.mod h1:77ZTqob2u8NA2FUu723FzajXwcTk4ddlWWLXtKyOfO4=
webtyp.com/fmt v1.0.0 h1:W0vMMGC6ezg1q2LarAEaVnNvZ26hVqzZdQQH1wcNogM=
webtyp.com/fmt v1.0.0/go.mod h1:FmTxx713R45J21kbH5JOmKGaaCap3fJPA9Yl2n4Ch7U=
webtyp.com/jsvalue v0.1.6 h1:SegmAO9FRc/A7zZzVVtwi8ylqse6vwrCSSSNPq6XPy0=
webtyp.com/jsvalue v0.1.6/go.mod h1:EZjDHh5THDAhIwAV3OvsTFRI6KdSjXiuSfT6p662Zpw=
webtyp.com/model v0.2.2 h1:9+yUcKgnbZombAmnXsKXdCWXWNq5ZgdKDFJj0V102g8=
webtyp.com/model v0.2.2/go.mod h1:OkyYeE3GOG8eAQGhd9wVsORAhr+xYj3q8avpoGXG25c=
